
Microsoft Visual Studio Solution File, Format Version 12.00
# Visual Studio Version 17
VisualStudioVersion = 17.0.31903.59
MinimumVisualStudioVersion = 10.0.40219.1
Project("{2150E333-8FDC-42A3-9474-1A3956D46DE8}") = "src", "src", "{50F56A59-6EBE-4218-96D8-0D6E44DD30BE}"
EndProject
Project("{9A19103F-16F7-4668-BE54-9A1E7A4F7556}") = "Models", "src\Models\Models.csproj", "{E6A9FE0A-7035-4E97-AD7F-79FA4BADBA4D}"
EndProject
Project("{9A19103F-16F7-4668-BE54-9A1E7A4F7556}") = "Singleton", "src\Singleton\Singleton.csproj", "{7B642473-FD56-46B7-A033-DCCE970231CD}"
EndProject
Project("{9A19103F-16F7-4668-BE54-9A1E7A4F7556}") = "prototype-shallow", "src\prototype-shallow\prototype-shallow.csproj", "{EFD6586F-A715-49F8-8801-1972194F106D}"
EndProject
Project("{9A19103F-16F7-4668-BE54-9A1E7A4F7556}") = "prototype-deep", "src\prototype-deep\prototype-deep.csproj", "{93628085-A25A-4BE5-8B57-08E168DEF089}"
EndProject
Project("{9A19103F-16F7-4668-BE54-9A1E7A4F7556}") = "factory-method", "src\factory-method\factory-method.csproj", "{938906ED-3599-4D1F-A6FC-A4C045D452C6}"
EndProject
Project("{9A19103F-16F7-4668-BE54-9A1E7A4F7556}") = "strategy", "src\strategy\strategy.csproj", "{CE593188-FB89-4AA6-8097-D9CEB9031BB3}"
EndProject
Project("{9A19103F-16F7-4668-BE54-9A1E7A4F7556}") = "decorator", "src\decorator\decorator.csproj", "{24089E80-4FD8-4371-AB09-F2678F5175C4}"
EndProject
Project("{9A19103F-16F7-4668-BE54-9A1E7A4F7556}") = "command", "src\command\command.csproj", "{3A7E4D01-1FF5-402F-BF0B-EE017B3FDAAE}"
EndProject
Project("{9A19103F-16F7-4668-BE54-9A1E7A4F7556}") = "mediator", "src\mediator\mediator.csproj", "{D4F97222-5501-4070-859F-4F755EDD285A}"
EndProject
Project("{2150E333-8FDC-42A3-9474-1A3956D46DE8}") = "Creational", "Creational", "{15E7AEB5-8D55-41CB-AC18-E7D895493693}"
EndProject
Project("{2150E333-8FDC-42A3-9474-1A3956D46DE8}") = "Structural", "Structural", "{DF7CBED3-9FBD-4627-BCAD-130220DBBF6A}"
EndProject
Project("{2150E333-8FDC-42A3-9474-1A3956D46DE8}") = "Behavioral", "Behavioral", "{CC47D77B-9D42-4CCF-B9F0-4976E4560778}"
EndProject
Project("{FAE04EC0-301F-11D3-BF4B-00C04F79EFBC}") = "state", "src\state\state.csproj", "{FA976ADA-8E05-4CDC-BA27-C38DE6AA9D5F}"
EndProject
Project("{FAE04EC0-301F-11D3-BF4B-00C04F79EFBC}") = "chain-of-responsability", "src\chain-of-responsability\chain-of-responsability.csproj", "{D8C34E88-DBE7-4043-B4D6-12CCB3AC3DFD}"
EndProject
Global
	GlobalSection(SolutionConfigurationPlatforms) = preSolution
		Debug|Any CPU = Debug|Any CPU
		Release|Any CPU = Release|Any CPU
	EndGlobalSection
	GlobalSection(ProjectConfigurationPlatforms) = postSolution
		{E6A9FE0A-7035-4E97-AD7F-79FA4BADBA4D}.Debug|Any CPU.ActiveCfg = Debug|Any CPU
		{E6A9FE0A-7035-4E97-AD7F-79FA4BADBA4D}.Debug|Any CPU.Build.0 = Debug|Any CPU
		{E6A9FE0A-7035-4E97-AD7F-79FA4BADBA4D}.Release|Any CPU.ActiveCfg = Release|Any CPU
		{E6A9FE0A-7035-4E97-AD7F-79FA4BADBA4D}.Release|Any CPU.Build.0 = Release|Any CPU
		{7B642473-FD56-46B7-A033-DCCE970231CD}.Debug|Any CPU.ActiveCfg = Debug|Any CPU
		{7B642473-FD56-46B7-A033-DCCE970231CD}.Debug|Any CPU.Build.0 = Debug|Any CPU
		{7B642473-FD56-46B7-A033-DCCE970231CD}.Release|Any CPU.ActiveCfg = Release|Any CPU
		{7B642473-FD56-46B7-A033-DCCE970231CD}.Release|Any CPU.Build.0 = Release|Any CPU
		{EFD6586F-A715-49F8-8801-1972194F106D}.Debug|Any CPU.ActiveCfg = Debug|Any CPU
		{EFD6586F-A715-49F8-8801-1972194F106D}.Debug|Any CPU.Build.0 = Debug|Any CPU
		{EFD6586F-A715-49F8-8801-1972194F106D}.Release|Any CPU.ActiveCfg = Release|Any CPU
		{EFD6586F-A715-49F8-8801-1972194F106D}.Release|Any CPU.Build.0 = Release|Any CPU
		{93628085-A25A-4BE5-8B57-08E168DEF089}.Debug|Any CPU.ActiveCfg = Debug|Any CPU
		{93628085-A25A-4BE5-8B57-08E168DEF089}.Debug|Any CPU.Build.0 = Debug|Any CPU
		{93628085-A25A-4BE5-8B57-08E168DEF089}.Release|Any CPU.ActiveCfg = Release|Any CPU
		{93628085-A25A-4BE5-8B57-08E168DEF089}.Release|Any CPU.Build.0 = Release|Any CPU
		{938906ED-3599-4D1F-A6FC-A4C045D452C6}.Debug|Any CPU.ActiveCfg = Debug|Any CPU
		{938906ED-3599-4D1F-A6FC-A4C045D452C6}.Debug|Any CPU.Build.0 = Debug|Any CPU
		{938906ED-3599-4D1F-A6FC-A4C045D452C6}.Release|Any CPU.ActiveCfg = Release|Any CPU
		{938906ED-3599-4D1F-A6FC-A4C045D452C6}.Release|Any CPU.Build.0 = Release|Any CPU
		{CE593188-FB89-4AA6-8097-D9CEB9031BB3}.Debug|Any CPU.ActiveCfg = Debug|Any CPU
		{CE593188-FB89-4AA6-8097-D9CEB9031BB3}.Debug|Any CPU.Build.0 = Debug|Any CPU
		{CE593188-FB89-4AA6-8097-D9CEB9031BB3}.Release|Any CPU.ActiveCfg = Release|Any CPU
		{CE593188-FB89-4AA6-8097-D9CEB9031BB3}.Release|Any CPU.Build.0 = Release|Any CPU
		{24089E80-4FD8-4371-AB09-F2678F5175C4}.Debug|Any CPU.ActiveCfg = Debug|Any CPU
		{24089E80-4FD8-4371-AB09-F2678F5175C4}.Debug|Any CPU.Build.0 = Debug|Any CPU
		{24089E80-4FD8-4371-AB09-F2678F5175C4}.Release|Any CPU.ActiveCfg = Release|Any CPU
		{24089E80-4FD8-4371-AB09-F2678F5175C4}.Release|Any CPU.Build.0 = Release|Any CPU
		{3A7E4D01-1FF5-402F-BF0B-EE017B3FDAAE}.Debug|Any CPU.ActiveCfg = Debug|Any CPU
		{3A7E4D01-1FF5-402F-BF0B-EE017B3FDAAE}.Debug|Any CPU.Build.0 = Debug|Any CPU
		{3A7E4D01-1FF5-402F-BF0B-EE017B3FDAAE}.Release|Any CPU.ActiveCfg = Release|Any CPU
		{3A7E4D01-1FF5-402F-BF0B-EE017B3FDAAE}.Release|Any CPU.Build.0 = Release|Any CPU
		{D4F97222-5501-4070-859F-4F755EDD285A}.Debug|Any CPU.ActiveCfg = Debug|Any CPU
		{D4F97222-5501-4070-859F-4F755EDD285A}.Debug|Any CPU.Build.0 = Debug|Any CPU
		{D4F97222-5501-4070-859F-4F755EDD285A}.Release|Any CPU.ActiveCfg = Release|Any CPU
		{D4F97222-5501-4070-859F-4F755EDD285A}.Release|Any CPU.Build.0 = Release|Any CPU
		{FA976ADA-8E05-4CDC-BA27-C38DE6AA9D5F}.Debug|Any CPU.ActiveCfg = Debug|Any CPU
		{FA976ADA-8E05-4CDC-BA27-C38DE6AA9D5F}.Debug|Any CPU.Build.0 = Debug|Any CPU
		{FA976ADA-8E05-4CDC-BA27-C38DE6AA9D5F}.Release|Any CPU.ActiveCfg = Release|Any CPU
		{FA976ADA-8E05-4CDC-BA27-C38DE6AA9D5F}.Release|Any CPU.Build.0 = Release|Any CPU
		{D8C34E88-DBE7-4043-B4D6-12CCB3AC3DFD}.Debug|Any CPU.ActiveCfg = Debug|Any CPU
		{D8C34E88-DBE7-4043-B4D6-12CCB3AC3DFD}.Debug|Any CPU.Build.0 = Debug|Any CPU
		{D8C34E88-DBE7-4043-B4D6-12CCB3AC3DFD}.Release|Any CPU.ActiveCfg = Release|Any CPU
		{D8C34E88-DBE7-4043-B4D6-12CCB3AC3DFD}.Release|Any CPU.Build.0 = Release|Any CPU
	EndGlobalSection
	GlobalSection(SolutionProperties) = preSolution
		HideSolutionNode = FALSE
	EndGlobalSection
	GlobalSection(NestedProjects) = preSolution
		{E6A9FE0A-7035-4E97-AD7F-79FA4BADBA4D} = {50F56A59-6EBE-4218-96D8-0D6E44DD30BE}
		{7B642473-FD56-46B7-A033-DCCE970231CD} = {15E7AEB5-8D55-41CB-AC18-E7D895493693}
		{EFD6586F-A715-49F8-8801-1972194F106D} = {15E7AEB5-8D55-41CB-AC18-E7D895493693}
		{93628085-A25A-4BE5-8B57-08E168DEF089} = {15E7AEB5-8D55-41CB-AC18-E7D895493693}
		{938906ED-3599-4D1F-A6FC-A4C045D452C6} = {15E7AEB5-8D55-41CB-AC18-E7D895493693}
		{CE593188-FB89-4AA6-8097-D9CEB9031BB3} = {CC47D77B-9D42-4CCF-B9F0-4976E4560778}
		{24089E80-4FD8-4371-AB09-F2678F5175C4} = {DF7CBED3-9FBD-4627-BCAD-130220DBBF6A}
		{3A7E4D01-1FF5-402F-BF0B-EE017B3FDAAE} = {CC47D77B-9D42-4CCF-B9F0-4976E4560778}
		{D4F97222-5501-4070-859F-4F755EDD285A} = {CC47D77B-9D42-4CCF-B9F0-4976E4560778}
		{15E7AEB5-8D55-41CB-AC18-E7D895493693} = {50F56A59-6EBE-4218-96D8-0D6E44DD30BE}
		{DF7CBED3-9FBD-4627-BCAD-130220DBBF6A} = {50F56A59-6EBE-4218-96D8-0D6E44DD30BE}
		{CC47D77B-9D42-4CCF-B9F0-4976E4560778} = {50F56A59-6EBE-4218-96D8-0D6E44DD30BE}
		{FA976ADA-8E05-4CDC-BA27-C38DE6AA9D5F} = {CC47D77B-9D42-4CCF-B9F0-4976E4560778}
		{D8C34E88-DBE7-4043-B4D6-12CCB3AC3DFD} = {CC47D77B-9D42-4CCF-B9F0-4976E4560778}
	EndGlobalSection
	GlobalSection(ExtensibilityGlobals) = postSolution
		SolutionGuid = {62F7FC10-E953-426B-A2AE-131BD5C02603}
	EndGlobalSection
EndGlobal
